{
  "version": 4,
  "terraform_version": "1.9.1",
  "serial": 10,
  "lineage": "ecc01a4e-ead1-8409-806b-02923d701de9",
  "outputs": {
    "first-repo-url": {
      "value": "https://github.com/MohddUmarr/First-repo-terraform",
      "type": "string"
    }
  },
  "resources": [
    {
      "mode": "managed",
      "type": "github_repository",
      "name": "first-github-repo",
      "provider": "provider[\"registry.terraform.io/hashicorp/github\"]",
      "instances": [
        {
          "schema_version": 1,
          "attributes": {
            "allow_auto_merge": false,
            "allow_merge_commit": true,
            "allow_rebase_merge": true,
            "allow_squash_merge": true,
            "allow_update_branch": false,
            "archive_on_destroy": null,
            "archived": false,
            "auto_init": true,
            "default_branch": "main",
            "delete_branch_on_merge": false,
            "description": "My first repository build from terraform",
            "etag": "W/\"92af7991a33b46aa7b1b64f6984b5dd511934ae8d62ebab261481ed12b1b8634\"",
            "full_name": "MohddUmarr/First-repo-terraform",
            "git_clone_url": "git://github.com/MohddUmarr/First-repo-terraform.git",
            "gitignore_template": null,
            "has_discussions": false,
            "has_downloads": false,
            "has_issues": false,
            "has_projects": false,
            "has_wiki": false,
            "homepage_url": "",
            "html_url": "https://github.com/MohddUmarr/First-repo-terraform",
            "http_clone_url": "https://github.com/MohddUmarr/First-repo-terraform.git",
            "id": "First-repo-terraform",
            "ignore_vulnerability_alerts_during_read": null,
            "is_template": false,
            "license_template": null,
            "merge_commit_message": "PR_TITLE",
            "merge_commit_title": "MERGE_MESSAGE",
            "name": "First-repo-terraform",
            "node_id": "R_kgDOMW4WZg",
            "pages": [],
            "primary_language": "",
            "private": false,
            "repo_id": 829298278,
            "security_and_analysis": [
              {
                "advanced_security": [],
                "secret_scanning": [
                  {
                    "status": "enabled"
                  }
                ],
                "secret_scanning_push_protection": [
                  {
                    "status": "enabled"
                  }
                ]
              }
            ],
            "squash_merge_commit_message": "COMMIT_MESSAGES",
            "squash_merge_commit_title": "COMMIT_OR_PR_TITLE",
            "ssh_clone_url": "git@github.com:MohddUmarr/First-repo-terraform.git",
            "svn_url": "https://github.com/MohddUmarr/First-repo-terraform",
            "template": [],
            "topics": [],
            "visibility": "public",
            "vulnerability_alerts": false,
            "web_commit_signoff_required": false
          },
          "sensitive_attributes": [],
          "private": "eyJzY2hlbWFfdmVyc2lvbiI6IjEifQ=="
        }
      ]
    },
    {
      "mode": "managed",
      "type": "github_repository",
      "name": "second-github-repo",
      "provider": "provider[\"registry.terraform.io/hashicorp/github\"]",
      "instances": [
        {
          "schema_version": 1,
          "attributes": {
            "allow_auto_merge": false,
            "allow_merge_commit": true,
            "allow_rebase_merge": true,
            "allow_squash_merge": true,
            "allow_update_branch": false,
            "archive_on_destroy": null,
            "archived": false,
            "auto_init": true,
            "default_branch": "main",
            "delete_branch_on_merge": false,
            "description": "My Second repository build from terraform",
            "etag": "W/\"5120d390766cb0ce29d6a24173cca945986f8cccc4d83109f361225ffbc929d6\"",
            "full_name": "MohddUmarr/Second-repo-terraform",
            "git_clone_url": "git://github.com/MohddUmarr/Second-repo-terraform.git",
            "gitignore_template": null,
            "has_discussions": false,
            "has_downloads": false,
            "has_issues": false,
            "has_projects": false,
            "has_wiki": false,
            "homepage_url": "",
            "html_url": "https://github.com/MohddUmarr/Second-repo-terraform",
            "http_clone_url": "https://github.com/MohddUmarr/Second-repo-terraform.git",
            "id": "Second-repo-terraform",
            "ignore_vulnerability_alerts_during_read": null,
            "is_template": false,
            "license_template": null,
            "merge_commit_message": "PR_TITLE",
            "merge_commit_title": "MERGE_MESSAGE",
            "name": "Second-repo-terraform",
            "node_id": "R_kgDOMU4F0A",
            "pages": [],
            "primary_language": "",
            "private": false,
            "repo_id": 827196880,
            "security_and_analysis": [
              {
                "advanced_security": [],
                "secret_scanning": [
                  {
                    "status": "enabled"
                  }
                ],
                "secret_scanning_push_protection": [
                  {
                    "status": "enabled"
                  }
                ]
              }
            ],
            "squash_merge_commit_message": "COMMIT_MESSAGES",
            "squash_merge_commit_title": "COMMIT_OR_PR_TITLE",
            "ssh_clone_url": "git@github.com:MohddUmarr/Second-repo-terraform.git",
            "svn_url": "https://github.com/MohddUmarr/Second-repo-terraform",
            "template": [],
            "topics": [],
            "visibility": "public",
            "vulnerability_alerts": false,
            "web_commit_signoff_required": false
          },
          "sensitive_attributes": [],
          "private": "eyJzY2hlbWFfdmVyc2lvbiI6IjEifQ=="
        }
      ]
    }
  ],
  "check_results": null
}
